
Microsoft Visual Studio Solution File, Format Version 12.00
# Visual Studio Version 17
VisualStudioVersion = 17.5.33424.131
MinimumVisualStudioVersion = 10.0.40219.1
Project("{8BC9CEB8-8B4A-11D0-8D11-00A0C91BC942}") = "ParadigmOOP", "ParadigmOOP.vcxproj", "{B0554C56-DC25-4FE1-BDE4-144F64DB9B7D}"
EndProject
Project("{8BC9CEB8-8B4A-11D0-8D11-00A0C91BC942}") = "Polymorphism", "..\Polymorphism\Polymorphism.vcxproj", "{460A1667-EE93-4851-B5BA-03191665D4AA}"
EndProject
Project("{8BC9CEB8-8B4A-11D0-8D11-00A0C91BC942}") = "noOverriding", "..\noOverriding\noOverriding.vcxproj", "{D82367E1-BC9A-47C2-8131-8B5BAD4C4E0E}"
EndProject
Project("{8BC9CEB8-8B4A-11D0-8D11-00A0C91BC942}") = "noPewarisan", "..\noPewarisan\noPewarisan.vcxproj", "{AA2FA9B9-73CA-4BB0-B915-0E5F602C7A20}"
EndProject
Project("{8BC9CEB8-8B4A-11D0-8D11-00A0C91BC942}") = "Enkapsulasi", "..\Enkapsulasi\Enkapsulasi.vcxproj", "{D0A3EF70-6EAB-4CC8-9590-0459589D010E}"
EndProject
Project("{8BC9CEB8-8B4A-11D0-8D11-00A0C91BC942}") = "Abstraksi", "..\Abstraksi\Abstraksi.vcxproj", "{D2A9900B-C2A8-4E7C-A257-F2B0C65CBCAB}"
EndProject
Project("{8BC9CEB8-8B4A-11D0-8D11-00A0C91BC942}") = "MultiWaris", "..\MultiWaris\MultiWaris.vcxproj", "{DDDEE01D-1028-44AA-8BEA-F0EBDBEEE8CD}"
EndProject
Global
	GlobalSection(SolutionConfigurationPlatforms) = preSolution
		Debug|x64 = Debug|x64
		Debug|x86 = Debug|x86
		Release|x64 = Release|x64
		Release|x86 = Release|x86
	EndGlobalSection
	GlobalSection(ProjectConfigurationPlatforms) = postSolution
		{B0554C56-DC25-4FE1-BDE4-144F64DB9B7D}.Debug|x64.ActiveCfg = Debug|x64
		{B0554C56-DC25-4FE1-BDE4-144F64DB9B7D}.Debug|x64.Build.0 = Debug|x64
		{B0554C56-DC25-4FE1-BDE4-144F64DB9B7D}.Debug|x86.ActiveCfg = Debug|Win32
		{B0554C56-DC25-4FE1-BDE4-144F64DB9B7D}.Debug|x86.Build.0 = Debug|Win32
		{B0554C56-DC25-4FE1-BDE4-144F64DB9B7D}.Release|x64.ActiveCfg = Release|x64
		{B0554C56-DC25-4FE1-BDE4-144F64DB9B7D}.Release|x64.Build.0 = Release|x64
		{B0554C56-DC25-4FE1-BDE4-144F64DB9B7D}.Release|x86.ActiveCfg = Release|Win32
		{B0554C56-DC25-4FE1-BDE4-144F64DB9B7D}.Release|x86.Build.0 = Release|Win32
		{460A1667-EE93-4851-B5BA-03191665D4AA}.Debug|x64.ActiveCfg = Debug|x64
		{460A1667-EE93-4851-B5BA-03191665D4AA}.Debug|x64.Build.0 = Debug|x64
		{460A1667-EE93-4851-B5BA-03191665D4AA}.Debug|x86.ActiveCfg = Debug|Win32
		{460A1667-EE93-4851-B5BA-03191665D4AA}.Debug|x86.Build.0 = Debug|Win32
		{460A1667-EE93-4851-B5BA-03191665D4AA}.Release|x64.ActiveCfg = Release|x64
		{460A1667-EE93-4851-B5BA-03191665D4AA}.Release|x64.Build.0 = Release|x64
		{460A1667-EE93-4851-B5BA-03191665D4AA}.Release|x86.ActiveCfg = Release|Win32
		{460A1667-EE93-4851-B5BA-03191665D4AA}.Release|x86.Build.0 = Release|Win32
		{D82367E1-BC9A-47C2-8131-8B5BAD4C4E0E}.Debug|x64.ActiveCfg = Debug|x64
		{D82367E1-BC9A-47C2-8131-8B5BAD4C4E0E}.Debug|x64.Build.0 = Debug|x64
		{D82367E1-BC9A-47C2-8131-8B5BAD4C4E0E}.Debug|x86.ActiveCfg = Debug|Win32
		{D82367E1-BC9A-47C2-8131-8B5BAD4C4E0E}.Debug|x86.Build.0 = Debug|Win32
		{D82367E1-BC9A-47C2-8131-8B5BAD4C4E0E}.Release|x64.ActiveCfg = Release|x64
		{D82367E1-BC9A-47C2-8131-8B5BAD4C4E0E}.Release|x64.Build.0 = Release|x64
		{D82367E1-BC9A-47C2-8131-8B5BAD4C4E0E}.Release|x86.ActiveCfg = Release|Win32
		{D82367E1-BC9A-47C2-8131-8B5BAD4C4E0E}.Release|x86.Build.0 = Release|Win32
		{AA2FA9B9-73CA-4BB0-B915-0E5F602C7A20}.Debug|x64.ActiveCfg = Debug|x64
		{AA2FA9B9-73CA-4BB0-B915-0E5F602C7A20}.Debug|x64.Build.0 = Debug|x64
		{AA2FA9B9-73CA-4BB0-B915-0E5F602C7A20}.Debug|x86.ActiveCfg = Debug|Win32
		{AA2FA9B9-73CA-4BB0-B915-0E5F602C7A20}.Debug|x86.Build.0 = Debug|Win32
		{AA2FA9B9-73CA-4BB0-B915-0E5F602C7A20}.Release|x64.ActiveCfg = Release|x64
		{AA2FA9B9-73CA-4BB0-B915-0E5F602C7A20}.Release|x64.Build.0 = Release|x64
		{AA2FA9B9-73CA-4BB0-B915-0E5F602C7A20}.Release|x86.ActiveCfg = Release|Win32
		{AA2FA9B9-73CA-4BB0-B915-0E5F602C7A20}.Release|x86.Build.0 = Release|Win32
		{D0A3EF70-6EAB-4CC8-9590-0459589D010E}.Debug|x64.ActiveCfg = Debug|x64
		{D0A3EF70-6EAB-4CC8-9590-0459589D010E}.Debug|x64.Build.0 = Debug|x64
		{D0A3EF70-6EAB-4CC8-9590-0459589D010E}.Debug|x86.ActiveCfg = Debug|Win32
		{D0A3EF70-6EAB-4CC8-9590-0459589D010E}.Debug|x86.Build.0 = Debug|Win32
		{D0A3EF70-6EAB-4CC8-9590-0459589D010E}.Release|x64.ActiveCfg = Release|x64
		{D0A3EF70-6EAB-4CC8-9590-0459589D010E}.Release|x64.Build.0 = Release|x64
		{D0A3EF70-6EAB-4CC8-9590-0459589D010E}.Release|x86.ActiveCfg = Release|Win32
		{D0A3EF70-6EAB-4CC8-9590-0459589D010E}.Release|x86.Build.0 = Release|Win32
		{D2A9900B-C2A8-4E7C-A257-F2B0C65CBCAB}.Debug|x64.ActiveCfg = Debug|x64
		{D2A9900B-C2A8-4E7C-A257-F2B0C65CBCAB}.Debug|x64.Build.0 = Debug|x64
		{D2A9900B-C2A8-4E7C-A257-F2B0C65CBCAB}.Debug|x86.ActiveCfg = Debug|Win32
		{D2A9900B-C2A8-4E7C-A257-F2B0C65CBCAB}.Debug|x86.Build.0 = Debug|Win32
		{D2A9900B-C2A8-4E7C-A257-F2B0C65CBCAB}.Release|x64.ActiveCfg = Release|x64
		{D2A9900B-C2A8-4E7C-A257-F2B0C65CBCAB}.Release|x64.Build.0 = Release|x64
		{D2A9900B-C2A8-4E7C-A257-F2B0C65CBCAB}.Release|x86.ActiveCfg = Release|Win32
		{D2A9900B-C2A8-4E7C-A257-F2B0C65CBCAB}.Release|x86.Build.0 = Release|Win32
		{DDDEE01D-1028-44AA-8BEA-F0EBDBEEE8CD}.Debug|x64.ActiveCfg = Debug|x64
		{DDDEE01D-1028-44AA-8BEA-F0EBDBEEE8CD}.Debug|x64.Build.0 = Debug|x64
		{DDDEE01D-1028-44AA-8BEA-F0EBDBEEE8CD}.Debug|x86.ActiveCfg = Debug|Win32
		{DDDEE01D-1028-44AA-8BEA-F0EBDBEEE8CD}.Debug|x86.Build.0 = Debug|Win32
		{DDDEE01D-1028-44AA-8BEA-F0EBDBEEE8CD}.Release|x64.ActiveCfg = Release|x64
		{DDDEE01D-1028-44AA-8BEA-F0EBDBEEE8CD}.Release|x64.Build.0 = Release|x64
		{DDDEE01D-1028-44AA-8BEA-F0EBDBEEE8CD}.Release|x86.ActiveCfg = Release|Win32
		{DDDEE01D-1028-44AA-8BEA-F0EBDBEEE8CD}.Release|x86.Build.0 = Release|Win32
	EndGlobalSection
	GlobalSection(SolutionProperties) = preSolution
		HideSolutionNode = FALSE
	EndGlobalSection
	GlobalSection(ExtensibilityGlobals) = postSolution
		SolutionGuid = {3C46C141-C057-4DBC-9CBC-255A7F902B25}
	EndGlobalSection
EndGlobal
